
Microsoft Visual Studio Solution File, Format Version 12.00
# Visual Studio 2013
VisualStudioVersion = 12.0.30501.0
MinimumVisualStudioVersion = 10.0.40219.1
Project("{FAE04EC0-301F-11D3-BF4B-00C04F79EFBC}") = "ScannerParser", "ScannerParser\ScannerParser.csproj", "{CACB9D43-7D1B-4F9D-95F8-BF495FCD0196}"
EndProject
Project("{FAE04EC0-301F-11D3-BF4B-00C04F79EFBC}") = "ScannerParserTest", "ScannerParserTest\ScannerParserTest.csproj", "{971B4072-17BC-4B94-AA10-104C7657E9A0}"
EndProject
Project("{FAE04EC0-301F-11D3-BF4B-00C04F79EFBC}") = "BoundingBlockStructureTests", "BoundingBlockStructureTests\BoundingBlockStructureTests.csproj", "{4B9B9A81-80B9-433C-A9A9-A841FB5D9FA6}"
EndProject
Project("{FAE04EC0-301F-11D3-BF4B-00C04F79EFBC}") = "SSAWriterTests", "SSAWriterTests\SSAWriterTests.csproj", "{5D67727E-9100-444E-8634-87EF1CAF6D18}"
EndProject
Project("{FAE04EC0-301F-11D3-BF4B-00C04F79EFBC}") = "CodifierTests", "CodifierTests\CodifierTests.csproj", "{1DEDDA57-9A31-4205-BB3F-79871A6238EE}"
EndProject
Global
	GlobalSection(SolutionConfigurationPlatforms) = preSolution
		Debug|Any CPU = Debug|Any CPU
		Release|Any CPU = Release|Any CPU
	EndGlobalSection
	GlobalSection(ProjectConfigurationPlatforms) = postSolution
		{CACB9D43-7D1B-4F9D-95F8-BF495FCD0196}.Debug|Any CPU.ActiveCfg = Debug|Any CPU
		{CACB9D43-7D1B-4F9D-95F8-BF495FCD0196}.Debug|Any CPU.Build.0 = Debug|Any CPU
		{CACB9D43-7D1B-4F9D-95F8-BF495FCD0196}.Release|Any CPU.ActiveCfg = Release|Any CPU
		{CACB9D43-7D1B-4F9D-95F8-BF495FCD0196}.Release|Any CPU.Build.0 = Release|Any CPU
		{971B4072-17BC-4B94-AA10-104C7657E9A0}.Debug|Any CPU.ActiveCfg = Debug|Any CPU
		{971B4072-17BC-4B94-AA10-104C7657E9A0}.Debug|Any CPU.Build.0 = Debug|Any CPU
		{971B4072-17BC-4B94-AA10-104C7657E9A0}.Release|Any CPU.ActiveCfg = Release|Any CPU
		{971B4072-17BC-4B94-AA10-104C7657E9A0}.Release|Any CPU.Build.0 = Release|Any CPU
		{4B9B9A81-80B9-433C-A9A9-A841FB5D9FA6}.Debug|Any CPU.ActiveCfg = Debug|Any CPU
		{4B9B9A81-80B9-433C-A9A9-A841FB5D9FA6}.Debug|Any CPU.Build.0 = Debug|Any CPU
		{4B9B9A81-80B9-433C-A9A9-A841FB5D9FA6}.Release|Any CPU.ActiveCfg = Release|Any CPU
		{4B9B9A81-80B9-433C-A9A9-A841FB5D9FA6}.Release|Any CPU.Build.0 = Release|Any CPU
		{5D67727E-9100-444E-8634-87EF1CAF6D18}.Debug|Any CPU.ActiveCfg = Debug|Any CPU
		{5D67727E-9100-444E-8634-87EF1CAF6D18}.Debug|Any CPU.Build.0 = Debug|Any CPU
		{5D67727E-9100-444E-8634-87EF1CAF6D18}.Release|Any CPU.ActiveCfg = Release|Any CPU
		{5D67727E-9100-444E-8634-87EF1CAF6D18}.Release|Any CPU.Build.0 = Release|Any CPU
		{1DEDDA57-9A31-4205-BB3F-79871A6238EE}.Debug|Any CPU.ActiveCfg = Debug|Any CPU
		{1DEDDA57-9A31-4205-BB3F-79871A6238EE}.Debug|Any CPU.Build.0 = Debug|Any CPU
		{1DEDDA57-9A31-4205-BB3F-79871A6238EE}.Release|Any CPU.ActiveCfg = Release|Any CPU
		{1DEDDA57-9A31-4205-BB3F-79871A6238EE}.Release|Any CPU.Build.0 = Release|Any CPU
	EndGlobalSection
	GlobalSection(SolutionProperties) = preSolution
		HideSolutionNode = FALSE
	EndGlobalSection
EndGlobal
